
Microsoft Visual Studio Solution File, Format Version 12.00
# Visual Studio 15
VisualStudioVersion = 15.0.27703.2000
MinimumVisualStudioVersion = 10.0.40219.1
Project("{2150E333-8FDC-42A3-9474-1A3956D46DE8}") = "Account", "Account", "{7982C8B8-F883-49D6-8CBF-524BBC777A3A}"
EndProject
Project("{FAE04EC0-301F-11D3-BF4B-00C04F79EFBC}") = "Account.Domain", "Account\Account.Domain\Account.Domain.csproj", "{19E8960D-083E-4578-A2CB-0CB43660B9E8}"
EndProject
Project("{FAE04EC0-301F-11D3-BF4B-00C04F79EFBC}") = "Account.Infrastructure.Data", "Account\Account.Infrastructure.Data\Account.Infrastructure.Data.csproj", "{FFEDAAA3-3B27-483B-804D-FBB8AC1C4007}"
EndProject
Project("{2150E333-8FDC-42A3-9474-1A3956D46DE8}") = "Product", "Product", "{B5808E4B-D232-4D62-9FCD-6F757C46AD7F}"
EndProject
Project("{FAE04EC0-301F-11D3-BF4B-00C04F79EFBC}") = "ProductService.Domain", "Product\ProductService.Domain\ProductService.Domain.csproj", "{4BF815EA-459E-45CB-B27B-56E233B6C34C}"
EndProject
Project("{FAE04EC0-301F-11D3-BF4B-00C04F79EFBC}") = "ProductService.Infrastructure.Data", "Product\ProductService.Instrastructure.Data\ProductService.Infrastructure.Data.csproj", "{0B370BB3-B541-42DD-86A4-2BF844A4271D}"
EndProject
Project("{FAE04EC0-301F-11D3-BF4B-00C04F79EFBC}") = "ProductService.API.Tests", "Product\ProductService.API.Tests\ProductService.API.Tests.csproj", "{0CAAAE27-1ADD-445D-9987-EDB241509B2E}"
EndProject
Project("{FAE04EC0-301F-11D3-BF4B-00C04F79EFBC}") = "ProductService.API", "Product\ProductService.API\ProductService.API.csproj", "{6B2B26A7-3814-4275-B97F-B401ADB8340D}"
EndProject
Project("{FAE04EC0-301F-11D3-BF4B-00C04F79EFBC}") = "Account.TokenProvider.API", "Account\Account.TokenProvider.API\Account.TokenProvider.API.csproj", "{0826EE2A-9864-4636-B458-263E0FA1F4C2}"
EndProject
Project("{FAE04EC0-301F-11D3-BF4B-00C04F79EFBC}") = "Account.Services", "Account\Account.Services\Account.Services.csproj", "{4B1BD4FA-45E1-4236-BDCE-70C93DA79D40}"
EndProject
Project("{FAE04EC0-301F-11D3-BF4B-00C04F79EFBC}") = "ProductService.Services", "Product\ProductService.Services\ProductService.Services.csproj", "{C6E0B598-73AE-4763-B3E6-07A0A6C82E9B}"
EndProject
Global
	GlobalSection(SolutionConfigurationPlatforms) = preSolution
		Debug|Any CPU = Debug|Any CPU
		Release|Any CPU = Release|Any CPU
	EndGlobalSection
	GlobalSection(ProjectConfigurationPlatforms) = postSolution
		{19E8960D-083E-4578-A2CB-0CB43660B9E8}.Debug|Any CPU.ActiveCfg = Debug|Any CPU
		{19E8960D-083E-4578-A2CB-0CB43660B9E8}.Debug|Any CPU.Build.0 = Debug|Any CPU
		{19E8960D-083E-4578-A2CB-0CB43660B9E8}.Release|Any CPU.ActiveCfg = Release|Any CPU
		{19E8960D-083E-4578-A2CB-0CB43660B9E8}.Release|Any CPU.Build.0 = Release|Any CPU
		{FFEDAAA3-3B27-483B-804D-FBB8AC1C4007}.Debug|Any CPU.ActiveCfg = Debug|Any CPU
		{FFEDAAA3-3B27-483B-804D-FBB8AC1C4007}.Debug|Any CPU.Build.0 = Debug|Any CPU
		{FFEDAAA3-3B27-483B-804D-FBB8AC1C4007}.Release|Any CPU.ActiveCfg = Release|Any CPU
		{FFEDAAA3-3B27-483B-804D-FBB8AC1C4007}.Release|Any CPU.Build.0 = Release|Any CPU
		{4BF815EA-459E-45CB-B27B-56E233B6C34C}.Debug|Any CPU.ActiveCfg = Debug|Any CPU
		{4BF815EA-459E-45CB-B27B-56E233B6C34C}.Debug|Any CPU.Build.0 = Debug|Any CPU
		{4BF815EA-459E-45CB-B27B-56E233B6C34C}.Release|Any CPU.ActiveCfg = Release|Any CPU
		{4BF815EA-459E-45CB-B27B-56E233B6C34C}.Release|Any CPU.Build.0 = Release|Any CPU
		{0B370BB3-B541-42DD-86A4-2BF844A4271D}.Debug|Any CPU.ActiveCfg = Debug|Any CPU
		{0B370BB3-B541-42DD-86A4-2BF844A4271D}.Debug|Any CPU.Build.0 = Debug|Any CPU
		{0B370BB3-B541-42DD-86A4-2BF844A4271D}.Release|Any CPU.ActiveCfg = Release|Any CPU
		{0B370BB3-B541-42DD-86A4-2BF844A4271D}.Release|Any CPU.Build.0 = Release|Any CPU
		{0CAAAE27-1ADD-445D-9987-EDB241509B2E}.Debug|Any CPU.ActiveCfg = Debug|Any CPU
		{0CAAAE27-1ADD-445D-9987-EDB241509B2E}.Debug|Any CPU.Build.0 = Debug|Any CPU
		{0CAAAE27-1ADD-445D-9987-EDB241509B2E}.Release|Any CPU.ActiveCfg = Release|Any CPU
		{0CAAAE27-1ADD-445D-9987-EDB241509B2E}.Release|Any CPU.Build.0 = Release|Any CPU
		{6B2B26A7-3814-4275-B97F-B401ADB8340D}.Debug|Any CPU.ActiveCfg = Debug|Any CPU
		{6B2B26A7-3814-4275-B97F-B401ADB8340D}.Debug|Any CPU.Build.0 = Debug|Any CPU
		{6B2B26A7-3814-4275-B97F-B401ADB8340D}.Release|Any CPU.ActiveCfg = Release|Any CPU
		{6B2B26A7-3814-4275-B97F-B401ADB8340D}.Release|Any CPU.Build.0 = Release|Any CPU
		{0826EE2A-9864-4636-B458-263E0FA1F4C2}.Debug|Any CPU.ActiveCfg = Debug|Any CPU
		{0826EE2A-9864-4636-B458-263E0FA1F4C2}.Debug|Any CPU.Build.0 = Debug|Any CPU
		{0826EE2A-9864-4636-B458-263E0FA1F4C2}.Release|Any CPU.ActiveCfg = Release|Any CPU
		{0826EE2A-9864-4636-B458-263E0FA1F4C2}.Release|Any CPU.Build.0 = Release|Any CPU
		{4B1BD4FA-45E1-4236-BDCE-70C93DA79D40}.Debug|Any CPU.ActiveCfg = Debug|Any CPU
		{4B1BD4FA-45E1-4236-BDCE-70C93DA79D40}.Debug|Any CPU.Build.0 = Debug|Any CPU
		{4B1BD4FA-45E1-4236-BDCE-70C93DA79D40}.Release|Any CPU.ActiveCfg = Release|Any CPU
		{4B1BD4FA-45E1-4236-BDCE-70C93DA79D40}.Release|Any CPU.Build.0 = Release|Any CPU
		{C6E0B598-73AE-4763-B3E6-07A0A6C82E9B}.Debug|Any CPU.ActiveCfg = Debug|Any CPU
		{C6E0B598-73AE-4763-B3E6-07A0A6C82E9B}.Debug|Any CPU.Build.0 = Debug|Any CPU
		{C6E0B598-73AE-4763-B3E6-07A0A6C82E9B}.Release|Any CPU.ActiveCfg = Release|Any CPU
		{C6E0B598-73AE-4763-B3E6-07A0A6C82E9B}.Release|Any CPU.Build.0 = Release|Any CPU
	EndGlobalSection
	GlobalSection(SolutionProperties) = preSolution
		HideSolutionNode = FALSE
	EndGlobalSection
	GlobalSection(NestedProjects) = preSolution
		{19E8960D-083E-4578-A2CB-0CB43660B9E8} = {7982C8B8-F883-49D6-8CBF-524BBC777A3A}
		{FFEDAAA3-3B27-483B-804D-FBB8AC1C4007} = {7982C8B8-F883-49D6-8CBF-524BBC777A3A}
		{4BF815EA-459E-45CB-B27B-56E233B6C34C} = {B5808E4B-D232-4D62-9FCD-6F757C46AD7F}
		{0B370BB3-B541-42DD-86A4-2BF844A4271D} = {B5808E4B-D232-4D62-9FCD-6F757C46AD7F}
		{0CAAAE27-1ADD-445D-9987-EDB241509B2E} = {B5808E4B-D232-4D62-9FCD-6F757C46AD7F}
		{6B2B26A7-3814-4275-B97F-B401ADB8340D} = {B5808E4B-D232-4D62-9FCD-6F757C46AD7F}
		{0826EE2A-9864-4636-B458-263E0FA1F4C2} = {7982C8B8-F883-49D6-8CBF-524BBC777A3A}
		{4B1BD4FA-45E1-4236-BDCE-70C93DA79D40} = {7982C8B8-F883-49D6-8CBF-524BBC777A3A}
		{C6E0B598-73AE-4763-B3E6-07A0A6C82E9B} = {B5808E4B-D232-4D62-9FCD-6F757C46AD7F}
	EndGlobalSection
	GlobalSection(ExtensibilityGlobals) = postSolution
		SolutionGuid = {4DC47982-90F1-4EF9-87D4-9E67E5996F66}
	EndGlobalSection
EndGlobal
